// !$*UTF8*$!
{
	archiveVersion = 1;
	classes = {
	};
	objectVersion = 48;
	objects = {

/* Begin PBXBuildFile section */
		1AD506BB218E8CE8008ED47B /* ListViewController.xib in Resources */ = {isa = PBXBuildFile; fileRef = 1AD506BA218E8CE8008ED47B /* ListViewController.xib */; };
		1AD506BD218E91F9008ED47B /* ListViewController.swift in Sources */ = {isa = PBXBuildFile; fileRef = 1AD506BC218E91F9008ED47B /* ListViewController.swift */; };
		6C5C25DD217F93B6004E2353 /* AppDelegate.swift in Sources */ = {isa = PBXBuildFile; fileRef = 6C5C25DC217F93B6004E2353 /* AppDelegate.swift */; };
		6C5C25DF217F93B6004E2353 /* ViewController.swift in Sources */ = {isa = PBXBuildFile; fileRef = 6C5C25DE217F93B6004E2353 /* ViewController.swift */; };
		6C5C25E2217F93B6004E2353 /* Main.storyboard in Resources */ = {isa = PBXBuildFile; fileRef = 6C5C25E0217F93B6004E2353 /* Main.storyboard */; };
		6C5C25E4217F93B6004E2353 /* Assets.xcassets in Resources */ = {isa = PBXBuildFile; fileRef = 6C5C25E3217F93B6004E2353 /* Assets.xcassets */; };
		6C5C25E7217F93B6004E2353 /* LaunchScreen.storyboard in Resources */ = {isa = PBXBuildFile; fileRef = 6C5C25E5217F93B6004E2353 /* LaunchScreen.storyboard */; };
		6C5C25F2217F93B6004E2353 /* testTests.swift in Sources */ = {isa = PBXBuildFile; fileRef = 6C5C25F1217F93B6004E2353 /* testTests.swift */; };
		6C5C2601217F95E4004E2353 /* Department.swift in Sources */ = {isa = PBXBuildFile; fileRef = 6C5C2600217F95E4004E2353 /* Department.swift */; };
		6C5C2603217F95EC004E2353 /* Vehicle.swift in Sources */ = {isa = PBXBuildFile; fileRef = 6C5C2602217F95EC004E2353 /* Vehicle.swift */; };
		6C5C2605217FAF41004E2353 /* configureBusiness.swift in Sources */ = {isa = PBXBuildFile; fileRef = 6C5C2604217FAF41004E2353 /* configureBusiness.swift */; };
		6C5C2607217FCAA9004E2353 /* ViewList.swift in Sources */ = {isa = PBXBuildFile; fileRef = 6C5C2606217FCAA9004E2353 /* ViewList.swift */; };
		6CFAE1D32189037800FA0C41 /* ViewSearch.swift in Sources */ = {isa = PBXBuildFile; fileRef = 6CFAE1D22189037800FA0C41 /* ViewSearch.swift */; };
/* End PBXBuildFile section */

/* Begin PBXContainerItemProxy section */
		6C5C25EE217F93B6004E2353 /* PBXContainerItemProxy */ = {
			isa = PBXContainerItemProxy;
			containerPortal = 6C5C25D1217F93B6004E2353 /* Project object */;
			proxyType = 1;
			remoteGlobalIDString = 6C5C25D8217F93B6004E2353;
			remoteInfo = test;
		};
/* End PBXContainerItemProxy section */

/* Begin PBXFileReference section */
		1AD506BA218E8CE8008ED47B /* ListViewController.xib */ = {isa = PBXFileReference; lastKnownFileType = file.xib; path = ListViewController.xib; sourceTree = "<group>"; };
		1AD506BC218E91F9008ED47B /* ListViewController.swift */ = {isa = PBXFileReference; lastKnownFileType = sourcecode.swift; path = ListViewController.swift; sourceTree = "<group>"; };
		6C5C25D9217F93B6004E2353 /* Assignment7.app */ = {isa = PBXFileReference; explicitFileType = wrapper.application; includeInIndex = 0; path = Assignment7.app; sourceTree = BUILT_PRODUCTS_DIR; };
		6C5C25DC217F93B6004E2353 /* AppDelegate.swift */ = {isa = PBXFileReference; lastKnownFileType = sourcecode.swift; path = AppDelegate.swift; sourceTree = "<group>"; };
		6C5C25DE217F93B6004E2353 /* ViewController.swift */ = {isa = PBXFileReference; lastKnownFileType = sourcecode.swift; path = ViewController.swift; sourceTree = "<group>"; };
		6C5C25E1217F93B6004E2353 /* Base */ = {isa = PBXFileReference; lastKnownFileType = file.storyboard; name = Base; path = Base.lproj/Main.storyboard; sourceTree = "<group>"; };
		6C5C25E3217F93B6004E2353 /* Assets.xcassets */ = {isa = PBXFileReference; lastKnownFileType = folder.assetcatalog; path = Assets.xcassets; sourceTree = "<group>"; };
		6C5C25E6217F93B6004E2353 /* Base */ = {isa = PBXFileReference; lastKnownFileType = file.storyboard; name = Base; path = Base.lproj/LaunchScreen.storyboard; sourceTree = "<group>"; };
		6C5C25E8217F93B6004E2353 /* Info.plist */ = {isa = PBXFileReference; lastKnownFileType = text.plist.xml; path = Info.plist; sourceTree = "<group>"; };
		6C5C25ED217F93B6004E2353 /* Assignment7Tests.xctest */ = {isa = PBXFileReference; explicitFileType = wrapper.cfbundle; includeInIndex = 0; path = Assignment7Tests.xctest; sourceTree = BUILT_PRODUCTS_DIR; };
		6C5C25F1217F93B6004E2353 /* testTests.swift */ = {isa = PBXFileReference; lastKnownFileType = sourcecode.swift; path = testTests.swift; sourceTree = "<group>"; };
		6C5C25F3217F93B6004E2353 /* Info.plist */ = {isa = PBXFileReference; lastKnownFileType = text.plist.xml; path = Info.plist; sourceTree = "<group>"; };
		6C5C2600217F95E4004E2353 /* Department.swift */ = {isa = PBXFileReference; fileEncoding = 4; lastKnownFileType = sourcecode.swift; path = Department.swift; sourceTree = "<group>"; };
		6C5C2602217F95EC004E2353 /* Vehicle.swift */ = {isa = PBXFileReference; fileEncoding = 4; lastKnownFileType = sourcecode.swift; path = Vehicle.swift; sourceTree = "<group>"; };
		6C5C2604217FAF41004E2353 /* configureBusiness.swift */ = {isa = PBXFileReference; lastKnownFileType = sourcecode.swift; path = configureBusiness.swift; sourceTree = "<group>"; };
		6C5C2606217FCAA9004E2353 /* ViewList.swift */ = {isa = PBXFileReference; lastKnownFileType = sourcecode.swift; path = ViewList.swift; sourceTree = "<group>"; };
		6CFAE1D22189037800FA0C41 /* ViewSearch.swift */ = {isa = PBXFileReference; lastKnownFileType = sourcecode.swift; path = ViewSearch.swift; sourceTree = "<group>"; };
/* End PBXFileReference section */

/* Begin PBXFrameworksBuildPhase section */
		6C5C25D6217F93B6004E2353 /* Frameworks */ = {
			isa = PBXFrameworksBuildPhase;
			buildActionMask = 2147483647;
			files = (
			);
			runOnlyForDeploymentPostprocessing = 0;
		};
		6C5C25EA217F93B6004E2353 /* Frameworks */ = {
			isa = PBXFrameworksBuildPhase;
			buildActionMask = 2147483647;
			files = (
			);
			runOnlyForDeploymentPostprocessing = 0;
		};
/* End PBXFrameworksBuildPhase section */

/* Begin PBXGroup section */
		6C5C25D0217F93B6004E2353 = {
			isa = PBXGroup;
			children = (
				6C5C25DB217F93B6004E2353 /* test */,
				6C5C25F0217F93B6004E2353 /* testTests */,
				6C5C25DA217F93B6004E2353 /* Products */,
			);
			sourceTree = "<group>";
		};
		6C5C25DA217F93B6004E2353 /* Products */ = {
			isa = PBXGroup;
			children = (
				6C5C25D9217F93B6004E2353 /* Assignment7.app */,
				6C5C25ED217F93B6004E2353 /* Assignment7Tests.xctest */,
			);
			name = Products;
			sourceTree = "<group>";
		};
		6C5C25DB217F93B6004E2353 /* test */ = {
			isa = PBXGroup;
			children = (
				6C5C2602217F95EC004E2353 /* Vehicle.swift */,
				6C5C2600217F95E4004E2353 /* Department.swift */,
				6C5C25DC217F93B6004E2353 /* AppDelegate.swift */,
				6C5C25DE217F93B6004E2353 /* ViewController.swift */,
				6C5C2606217FCAA9004E2353 /* ViewList.swift */,
				1AD506BC218E91F9008ED47B /* ListViewController.swift */,
				6CFAE1D22189037800FA0C41 /* ViewSearch.swift */,
				6C5C25E0217F93B6004E2353 /* Main.storyboard */,
				1AD506BA218E8CE8008ED47B /* ListViewController.xib */,
				6C5C25E3217F93B6004E2353 /* Assets.xcassets */,
				6C5C25E5217F93B6004E2353 /* LaunchScreen.storyboard */,
				6C5C25E8217F93B6004E2353 /* Info.plist */,
				6C5C2604217FAF41004E2353 /* configureBusiness.swift */,
			);
			path = test;
			sourceTree = "<group>";
		};
		6C5C25F0217F93B6004E2353 /* testTests */ = {
			isa = PBXGroup;
			children = (
				6C5C25F1217F93B6004E2353 /* testTests.swift */,
				6C5C25F3217F93B6004E2353 /* Info.plist */,
			);
			path = testTests;
			sourceTree = "<group>";
		};
/* End PBXGroup section */

/* Begin PBXNativeTarget section */
		6C5C25D8217F93B6004E2353 /* Assignment7 */ = {
			isa = PBXNativeTarget;
			buildConfigurationList = 6C5C25F6217F93B6004E2353 /* Build configuration list for PBXNativeTarget "Assignment7" */;
			buildPhases = (
				6C5C25D5217F93B6004E2353 /* Sources */,
				6C5C25D6217F93B6004E2353 /* Frameworks */,
				6C5C25D7217F93B6004E2353 /* Resources */,
			);
			buildRules = (
			);
			dependencies = (
			);
			name = Assignment7;
			productName = test;
			productReference = 6C5C25D9217F93B6004E2353 /* Assignment7.app */;
			productType = "com.apple.product-type.application";
		};
		6C5C25EC217F93B6004E2353 /* Assignment7Tests */ = {
			isa = PBXNativeTarget;
			buildConfigurationList = 6C5C25F9217F93B6004E2353 /* Build configuration list for PBXNativeTarget "Assignment7Tests" */;
			buildPhases = (
				6C5C25E9217F93B6004E2353 /* Sources */,
				6C5C25EA217F93B6004E2353 /* Frameworks */,
				6C5C25EB217F93B6004E2353 /* Resources */,
			);
			buildRules = (
			);
			dependencies = (
				6C5C25EF217F93B6004E2353 /* PBXTargetDependency */,
			);
			name = Assignment7Tests;
			productName = testTests;
			productReference = 6C5C25ED217F93B6004E2353 /* Assignment7Tests.xctest */;
			productType = "com.apple.product-type.bundle.unit-test";
		};
/* End PBXNativeTarget section */

/* Begin PBXProject section */
		6C5C25D1217F93B6004E2353 /* Project object */ = {
			isa = PBXProject;
			attributes = {
				LastSwiftUpdateCheck = 0900;
				LastUpgradeCheck = 0900;
				ORGANIZATIONNAME = "Chung-Yang Li";
				TargetAttributes = {
					6C5C25D8217F93B6004E2353 = {
						CreatedOnToolsVersion = 9.0;
						ProvisioningStyle = Automatic;
					};
					6C5C25EC217F93B6004E2353 = {
						CreatedOnToolsVersion = 9.0;
						ProvisioningStyle = Automatic;
						TestTargetID = 6C5C25D8217F93B6004E2353;
					};
				};
			};
			buildConfigurationList = 6C5C25D4217F93B6004E2353 /* Build configuration list for PBXProject "Assignment7" */;
			compatibilityVersion = "Xcode 8.0";
			developmentRegion = en;
			hasScannedForEncodings = 0;
			knownRegions = (
				en,
				Base,
			);
			mainGroup = 6C5C25D0217F93B6004E2353;
			productRefGroup = 6C5C25DA217F93B6004E2353 /* Products */;
			projectDirPath = "";
			projectRoot = "";
			targets = (
				6C5C25D8217F93B6004E2353 /* Assignment7 */,
				6C5C25EC217F93B6004E2353 /* Assignment7Tests */,
			);
		};
/* End PBXProject section */

/* Begin PBXResourcesBuildPhase section */
		6C5C25D7217F93B6004E2353 /* Resources */ = {
			isa = PBXResourcesBuildPhase;
			buildActionMask = 2147483647;
			files = (
				6C5C25E7217F93B6004E2353 /* LaunchScreen.storyboard in Resources */,
				6C5C25E4217F93B6004E2353 /* Assets.xcassets in Resources */,
				1AD506BB218E8CE8008ED47B /* ListViewController.xib in Resources */,
				6C5C25E2217F93B6004E2353 /* Main.storyboard in Resources */,
			);
			runOnlyForDeploymentPostprocessing = 0;
		};
		6C5C25EB217F93B6004E2353 /* Resources */ = {
			isa = PBXResourcesBuildPhase;
			buildActionMask = 2147483647;
			files = (
			);
			runOnlyForDeploymentPostprocessing = 0;
		};
/* End PBXResourcesBuildPhase section */

/* Begin PBXSourcesBuildPhase section */
		6C5C25D5217F93B6004E2353 /* Sources */ = {
			isa = PBXSourcesBuildPhase;
			buildActionMask = 2147483647;
			files = (
				6C5C2603217F95EC004E2353 /* Vehicle.swift in Sources */,
				6C5C25DF217F93B6004E2353 /* ViewController.swift in Sources */,
				6C5C2607217FCAA9004E2353 /* ViewList.swift in Sources */,
				6C5C25DD217F93B6004E2353 /* AppDelegate.swift in Sources */,
				6C5C2601217F95E4004E2353 /* Department.swift in Sources */,
				6C5C2605217FAF41004E2353 /* configureBusiness.swift in Sources */,
				1AD506BD218E91F9008ED47B /* ListViewController.swift in Sources */,
				6CFAE1D32189037800FA0C41 /* ViewSearch.swift in Sources */,
			);
			runOnlyForDeploymentPostprocessing = 0;
		};
		6C5C25E9217F93B6004E2353 /* Sources */ = {
			isa = PBXSourcesBuildPhase;
			buildActionMask = 2147483647;
			files = (
				6C5C25F2217F93B6004E2353 /* testTests.swift in Sources */,
			);
			runOnlyForDeploymentPostprocessing = 0;
		};
/* End PBXSourcesBuildPhase section */

/* Begin PBXTargetDependency section */
		6C5C25EF217F93B6004E2353 /* PBXTargetDependency */ = {
			isa = PBXTargetDependency;
			target = 6C5C25D8217F93B6004E2353 /* Assignment7 */;
			targetProxy = 6C5C25EE217F93B6004E2353 /* PBXContainerItemProxy */;
		};
/* End PBXTargetDependency section */

/* Begin PBXVariantGroup section */
		6C5C25E0217F93B6004E2353 /* Main.storyboard */ = {
			isa = PBXVariantGroup;
			children = (
				6C5C25E1217F93B6004E2353 /* Base */,
			);
			name = Main.storyboard;
			sourceTree = "<group>";
		};
		6C5C25E5217F93B6004E2353 /* LaunchScreen.storyboard */ = {
			isa = PBXVariantGroup;
			children = (
				6C5C25E6217F93B6004E2353 /* Base */,
			);
			name = LaunchScreen.storyboard;
			sourceTree = "<group>";
		};
/* End PBXVariantGroup section */

/* Begin XCBuildConfiguration section */
		6C5C25F4217F93B6004E2353 /* Debug */ = {
			isa = XCBuildConfiguration;
			buildSettings = {
				ALWAYS_SEARCH_USER_PATHS = NO;
				CLANG_ANALYZER_NONNULL = YES;
				CLANG_ANALYZER_NUMBER_OBJECT_CONVERSION = YES_AGGRESSIVE;
				CLANG_CXX_LANGUAGE_STANDARD = "gnu++14";
				CLANG_CXX_LIBRARY = "libc++";
				CLANG_ENABLE_MODULES = YES;
				CLANG_ENABLE_OBJC_ARC = YES;
				CLANG_WARN_BLOCK_CAPTURE_AUTORELEASING = YES;
				CLANG_WARN_BOOL_CONVERSION = YES;
				CLANG_WARN_COMMA = YES;
				CLANG_WARN_CONSTANT_CONVERSION = YES;
				CLANG_WARN_DIRECT_OBJC_ISA_USAGE = YES_ERROR;
				CLANG_WARN_DOCUMENTATION_COMMENTS = YES;
				CLANG_WARN_EMPTY_BODY = YES;
				CLANG_WARN_ENUM_CONVERSION = YES;
				CLANG_WARN_INFINITE_RECURSION = YES;
				CLANG_WARN_INT_CONVERSION = YES;
				CLANG_WARN_NON_LITERAL_NULL_CONVERSION = YES;
				CLANG_WARN_OBJC_LITERAL_CONVERSION = YES;
				CLANG_WARN_OBJC_ROOT_CLASS = YES_ERROR;
				CLANG_WARN_RANGE_LOOP_ANALYSIS = YES;
				CLANG_WARN_STRICT_PROTOTYPES = YES;
				CLANG_WARN_SUSPICIOUS_MOVE = YES;
				CLANG_WARN_UNGUARDED_AVAILABILITY = YES_AGGRESSIVE;
				CLANG_WARN_UNREACHABLE_CODE = YES;
				CLANG_WARN__DUPLICATE_METHOD_MATCH = YES;
				CODE_SIGN_IDENTITY = "iPhone Developer";
				COPY_PHASE_STRIP = NO;
				DEBUG_INFORMATION_FORMAT = dwarf;
				ENABLE_STRICT_OBJC_MSGSEND = YES;
				ENABLE_TESTABILITY = YES;
				GCC_C_LANGUAGE_STANDARD = gnu11;
				GCC_DYNAMIC_NO_PIC = NO;
				GCC_NO_COMMON_BLOCKS = YES;
				GCC_OPTIMIZATION_LEVEL = 0;
				GCC_PREPROCESSOR_DEFINITIONS = (
					"DEBUG=1",
					"$(inherited)",
				);
				GCC_WARN_64_TO_32_BIT_CONVERSION = YES;
				GCC_WARN_ABOUT_RETURN_TYPE = YES_ERROR;
				GCC_WARN_UNDECLARED_SELECTOR = YES;
				GCC_WARN_UNINITIALIZED_AUTOS = YES_AGGRESSIVE;
				GCC_WARN_UNUSED_FUNCTION = YES;
				GCC_WARN_UNUSED_VARIABLE = YES;
				IPHONEOS_DEPLOYMENT_TARGET = 11.0;
				MTL_ENABLE_DEBUG_INFO = YES;
				ONLY_ACTIVE_ARCH = YES;
				SDKROOT = iphoneos;
				SWIFT_ACTIVE_COMPILATION_CONDITIONS = DEBUG;
				SWIFT_OPTIMIZATION_LEVEL = "-Onone";
			};
			name = Debug;
		};
		6C5C25F5217F93B6004E2353 /* Release */ = {
			isa = XCBuildConfiguration;
			buildSettings = {
				ALWAYS_SEARCH_USER_PATHS = NO;
				CLANG_ANALYZER_NONNULL = YES;
				CLANG_ANALYZER_NUMBER_OBJECT_CONVERSION = YES_AGGRESSIVE;
				CLANG_CXX_LANGUAGE_STANDARD = "gnu++14";
				CLANG_CXX_LIBRARY = "libc++";
				CLANG_ENABLE_MODULES = YES;
				CLANG_ENABLE_OBJC_ARC = YES;
				CLANG_WARN_BLOCK_CAPTURE_AUTORELEASING = YES;
				CLANG_WARN_BOOL_CONVERSION = YES;
				CLANG_WARN_COMMA = YES;
				CLANG_WARN_CONSTANT_CONVERSION = YES;
				CLANG_WARN_DIRECT_OBJC_ISA_USAGE = YES_ERROR;
				CLANG_WARN_DOCUMENTATION_COMMENTS = YES;
				CLANG_WARN_EMPTY_BODY = YES;
				CLANG_WARN_ENUM_CONVERSION = YES;
				CLANG_WARN_INFINITE_RECURSION = YES;
				CLANG_WARN_INT_CONVERSION = YES;
				CLANG_WARN_NON_LITERAL_NULL_CONVERSION = YES;
				CLANG_WARN_OBJC_LITERAL_CONVERSION = YES;
				CLANG_WARN_OBJC_ROOT_CLASS = YES_ERROR;
				CLANG_WARN_RANGE_LOOP_ANALYSIS = YES;
				CLANG_WARN_STRICT_PROTOTYPES = YES;
				CLANG_WARN_SUSPICIOUS_MOVE = YES;
				CLANG_WARN_UNGUARDED_AVAILABILITY = YES_AGGRESSIVE;
				CLANG_WARN_UNREACHABLE_CODE = YES;
				CLANG_WARN__DUPLICATE_METHOD_MATCH = YES;
				CODE_SIGN_IDENTITY = "iPhone Developer";
				COPY_PHASE_STRIP = NO;
				DEBUG_INFORMATION_FORMAT = "dwarf-with-dsym";
				ENABLE_NS_ASSERTIONS = NO;
				ENABLE_STRICT_OBJC_MSGSEND = YES;
				GCC_C_LANGUAGE_STANDARD = gnu11;
				GCC_NO_COMMON_BLOCKS = YES;
				GCC_WARN_64_TO_32_BIT_CONVERSION = YES;
				GCC_WARN_ABOUT_RETURN_TYPE = YES_ERROR;
				GCC_WARN_UNDECLARED_SELECTOR = YES;
				GCC_WARN_UNINITIALIZED_AUTOS = YES_AGGRESSIVE;
				GCC_WARN_UNUSED_FUNCTION = YES;
				GCC_WARN_UNUSED_VARIABLE = YES;
				IPHONEOS_DEPLOYMENT_TARGET = 11.0;
				MTL_ENABLE_DEBUG_INFO = NO;
				SDKROOT = iphoneos;
				SWIFT_OPTIMIZATION_LEVEL = "-Owholemodule";
				VALIDATE_PRODUCT = YES;
			};
			name = Release;
		};
		6C5C25F7217F93B6004E2353 /* Debug */ = {
			isa = XCBuildConfiguration;
			buildSettings = {
				ASSETCATALOG_COMPILER_APPICON_NAME = AppIcon;
				CODE_SIGN_STYLE = Automatic;
				INFOPLIST_FILE = test/Info.plist;
				LD_RUNPATH_SEARCH_PATHS = "$(inherited) @executable_path/Frameworks";
				PRODUCT_BUNDLE_IDENTIFIER = lipang.test;
				PRODUCT_NAME = "$(TARGET_NAME)";
				SWIFT_VERSION = 4.0;
				TARGETED_DEVICE_FAMILY = "1,2";
			};
			name = Debug;
		};
		6C5C25F8217F93B6004E2353 /* Release */ = {
			isa = XCBuildConfiguration;
			buildSettings = {
				ASSETCATALOG_COMPILER_APPICON_NAME = AppIcon;
				CODE_SIGN_STYLE = Automatic;
				INFOPLIST_FILE = test/Info.plist;
				LD_RUNPATH_SEARCH_PATHS = "$(inherited) @executable_path/Frameworks";
				PRODUCT_BUNDLE_IDENTIFIER = lipang.test;
				PRODUCT_NAME = "$(TARGET_NAME)";
				SWIFT_VERSION = 4.0;
				TARGETED_DEVICE_FAMILY = "1,2";
			};
			name = Release;
		};
		6C5C25FA217F93B6004E2353 /* Debug */ = {
			isa = XCBuildConfiguration;
			buildSettings = {
				ALWAYS_EMBED_SWIFT_STANDARD_LIBRARIES = YES;
				BUNDLE_LOADER = "$(TEST_HOST)";
				CODE_SIGN_STYLE = Automatic;
				INFOPLIST_FILE = testTests/Info.plist;
				LD_RUNPATH_SEARCH_PATHS = "$(inherited) @executable_path/Frameworks @loader_path/Frameworks";
				PRODUCT_BUNDLE_IDENTIFIER = lipang.testTests;
				PRODUCT_NAME = "$(TARGET_NAME)";
				SWIFT_VERSION = 4.0;
				TARGETED_DEVICE_FAMILY = "1,2";
				TEST_HOST = "$(BUILT_PRODUCTS_DIR)/Assignment7.app/Assignment7";
			};
			name = Debug;
		};
		6C5C25FB217F93B6004E2353 /* Release */ = {
			isa = XCBuildConfiguration;
			buildSettings = {
				ALWAYS_EMBED_SWIFT_STANDARD_LIBRARIES = YES;
				BUNDLE_LOADER = "$(TEST_HOST)";
				CODE_SIGN_STYLE = Automatic;
				INFOPLIST_FILE = testTests/Info.plist;
				LD_RUNPATH_SEARCH_PATHS = "$(inherited) @executable_path/Frameworks @loader_path/Frameworks";
				PRODUCT_BUNDLE_IDENTIFIER = lipang.testTests;
				PRODUCT_NAME = "$(TARGET_NAME)";
				SWIFT_VERSION = 4.0;
				TARGETED_DEVICE_FAMILY = "1,2";
				TEST_HOST = "$(BUILT_PRODUCTS_DIR)/Assignment7.app/Assignment7";
			};
			name = Release;
		};
/* End XCBuildConfiguration section */

/* Begin XCConfigurationList section */
		6C5C25D4217F93B6004E2353 /* Build configuration list for PBXProject "Assignment7" */ = {
			isa = XCConfigurationList;
			buildConfigurations = (
				6C5C25F4217F93B6004E2353 /* Debug */,
				6C5C25F5217F93B6004E2353 /* Release */,
			);
			defaultConfigurationIsVisible = 0;
			defaultConfigurationName = Release;
		};
		6C5C25F6217F93B6004E2353 /* Build configuration list for PBXNativeTarget "Assignment7" */ = {
			isa = XCConfigurationList;
			buildConfigurations = (
				6C5C25F7217F93B6004E2353 /* Debug */,
				6C5C25F8217F93B6004E2353 /* Release */,
			);
			defaultConfigurationIsVisible = 0;
			defaultConfigurationName = Release;
		};
		6C5C25F9217F93B6004E2353 /* Build configuration list for PBXNativeTarget "Assignment7Tests" */ = {
			isa = XCConfigurationList;
			buildConfigurations = (
				6C5C25FA217F93B6004E2353 /* Debug */,
				6C5C25FB217F93B6004E2353 /* Release */,
			);
			defaultConfigurationIsVisible = 0;
			defaultConfigurationName = Release;
		};
/* End XCConfigurationList section */
	};
	rootObject = 6C5C25D1217F93B6004E2353 /* Project object */;
}
