// !$*UTF8*$!
{
	archiveVersion = 1;
	classes = {
	};
	objectVersion = 50;
	objects = {

/* Begin PBXBuildFile section */
		6C140A9621A4CE33006ADD22 /* AppDelegate.swift in Sources */ = {isa = PBXBuildFile; fileRef = 6C140A9521A4CE33006ADD22 /* AppDelegate.swift */; };
		6C140A9821A4CE33006ADD22 /* ViewController.swift in Sources */ = {isa = PBXBuildFile; fileRef = 6C140A9721A4CE33006ADD22 /* ViewController.swift */; };
		6C140A9B21A4CE33006ADD22 /* Main.storyboard in Resources */ = {isa = PBXBuildFile; fileRef = 6C140A9921A4CE33006ADD22 /* Main.storyboard */; };
		6C140A9E21A4CE33006ADD22 /* Assignment10_library.xcdatamodeld in Sources */ = {isa = PBXBuildFile; fileRef = 6C140A9C21A4CE33006ADD22 /* Assignment10_library.xcdatamodeld */; };
		6C140AA021A4CE35006ADD22 /* Assets.xcassets in Resources */ = {isa = PBXBuildFile; fileRef = 6C140A9F21A4CE35006ADD22 /* Assets.xcassets */; };
		6C140AA321A4CE35006ADD22 /* LaunchScreen.storyboard in Resources */ = {isa = PBXBuildFile; fileRef = 6C140AA121A4CE35006ADD22 /* LaunchScreen.storyboard */; };
		6C140AC821A514A4006ADD22 /* DetailViewController.swift in Sources */ = {isa = PBXBuildFile; fileRef = 6C140AC421A514A4006ADD22 /* DetailViewController.swift */; };
		6C140AC921A514A4006ADD22 /* TableViewCell.swift in Sources */ = {isa = PBXBuildFile; fileRef = 6C140AC521A514A4006ADD22 /* TableViewCell.swift */; };
		6C140ACA21A514A4006ADD22 /* TableViewController.swift in Sources */ = {isa = PBXBuildFile; fileRef = 6C140AC621A514A4006ADD22 /* TableViewController.swift */; };
		6C140ACB21A514A4006ADD22 /* AddVehicleViewController.swift in Sources */ = {isa = PBXBuildFile; fileRef = 6C140AC721A514A4006ADD22 /* AddVehicleViewController.swift */; };
		6C6CB08421AA1150004B4633 /* Vehicle+CoreDataClass.swift in Sources */ = {isa = PBXBuildFile; fileRef = 6C6CB08021AA1150004B4633 /* Vehicle+CoreDataClass.swift */; };
		6C6CB08521AA1150004B4633 /* Vehicle+CoreDataProperties.swift in Sources */ = {isa = PBXBuildFile; fileRef = 6C6CB08121AA1150004B4633 /* Vehicle+CoreDataProperties.swift */; };
		6C6CB08621AA1150004B4633 /* Department+CoreDataClass.swift in Sources */ = {isa = PBXBuildFile; fileRef = 6C6CB08221AA1150004B4633 /* Department+CoreDataClass.swift */; };
		6C6CB08721AA1150004B4633 /* Department+CoreDataProperties.swift in Sources */ = {isa = PBXBuildFile; fileRef = 6C6CB08321AA1150004B4633 /* Department+CoreDataProperties.swift */; };
/* End PBXBuildFile section */

/* Begin PBXFileReference section */
		6C140A9221A4CE33006ADD22 /* Assignment10 library.app */ = {isa = PBXFileReference; explicitFileType = wrapper.application; includeInIndex = 0; path = "Assignment10 library.app"; sourceTree = BUILT_PRODUCTS_DIR; };
		6C140A9521A4CE33006ADD22 /* AppDelegate.swift */ = {isa = PBXFileReference; lastKnownFileType = sourcecode.swift; path = AppDelegate.swift; sourceTree = "<group>"; };
		6C140A9721A4CE33006ADD22 /* ViewController.swift */ = {isa = PBXFileReference; lastKnownFileType = sourcecode.swift; path = ViewController.swift; sourceTree = "<group>"; };
		6C140A9A21A4CE33006ADD22 /* Base */ = {isa = PBXFileReference; lastKnownFileType = file.storyboard; name = Base; path = Base.lproj/Main.storyboard; sourceTree = "<group>"; };
		6C140A9D21A4CE33006ADD22 /* Assignment10_library.xcdatamodel */ = {isa = PBXFileReference; lastKnownFileType = wrapper.xcdatamodel; path = Assignment10_library.xcdatamodel; sourceTree = "<group>"; };
		6C140A9F21A4CE35006ADD22 /* Assets.xcassets */ = {isa = PBXFileReference; lastKnownFileType = folder.assetcatalog; path = Assets.xcassets; sourceTree = "<group>"; };
		6C140AA221A4CE35006ADD22 /* Base */ = {isa = PBXFileReference; lastKnownFileType = file.storyboard; name = Base; path = Base.lproj/LaunchScreen.storyboard; sourceTree = "<group>"; };
		6C140AA421A4CE35006ADD22 /* Info.plist */ = {isa = PBXFileReference; lastKnownFileType = text.plist.xml; path = Info.plist; sourceTree = "<group>"; };
		6C140AC421A514A4006ADD22 /* DetailViewController.swift */ = {isa = PBXFileReference; fileEncoding = 4; lastKnownFileType = sourcecode.swift; path = DetailViewController.swift; sourceTree = "<group>"; };
		6C140AC521A514A4006ADD22 /* TableViewCell.swift */ = {isa = PBXFileReference; fileEncoding = 4; lastKnownFileType = sourcecode.swift; path = TableViewCell.swift; sourceTree = "<group>"; };
		6C140AC621A514A4006ADD22 /* TableViewController.swift */ = {isa = PBXFileReference; fileEncoding = 4; lastKnownFileType = sourcecode.swift; path = TableViewController.swift; sourceTree = "<group>"; };
		6C140AC721A514A4006ADD22 /* AddVehicleViewController.swift */ = {isa = PBXFileReference; fileEncoding = 4; lastKnownFileType = sourcecode.swift; path = AddVehicleViewController.swift; sourceTree = "<group>"; };
		6C140AD421A54F96006ADD22 /* Assignment10_library 2.xcdatamodel */ = {isa = PBXFileReference; lastKnownFileType = wrapper.xcdatamodel; path = "Assignment10_library 2.xcdatamodel"; sourceTree = "<group>"; };
		6C6CB08021AA1150004B4633 /* Vehicle+CoreDataClass.swift */ = {isa = PBXFileReference; lastKnownFileType = sourcecode.swift; path = "Vehicle+CoreDataClass.swift"; sourceTree = "<group>"; };
		6C6CB08121AA1150004B4633 /* Vehicle+CoreDataProperties.swift */ = {isa = PBXFileReference; lastKnownFileType = sourcecode.swift; path = "Vehicle+CoreDataProperties.swift"; sourceTree = "<group>"; };
		6C6CB08221AA1150004B4633 /* Department+CoreDataClass.swift */ = {isa = PBXFileReference; lastKnownFileType = sourcecode.swift; path = "Department+CoreDataClass.swift"; sourceTree = "<group>"; };
		6C6CB08321AA1150004B4633 /* Department+CoreDataProperties.swift */ = {isa = PBXFileReference; lastKnownFileType = sourcecode.swift; path = "Department+CoreDataProperties.swift"; sourceTree = "<group>"; };
/* End PBXFileReference section */

/* Begin PBXFrameworksBuildPhase section */
		6C140A8F21A4CE33006ADD22 /* Frameworks */ = {
			isa = PBXFrameworksBuildPhase;
			buildActionMask = 2147483647;
			files = (
			);
			runOnlyForDeploymentPostprocessing = 0;
		};
/* End PBXFrameworksBuildPhase section */

/* Begin PBXGroup section */
		6C140A8921A4CE33006ADD22 = {
			isa = PBXGroup;
			children = (
				6C140A9421A4CE33006ADD22 /* Assignment10 library */,
				6C140A9321A4CE33006ADD22 /* Products */,
			);
			sourceTree = "<group>";
		};
		6C140A9321A4CE33006ADD22 /* Products */ = {
			isa = PBXGroup;
			children = (
				6C140A9221A4CE33006ADD22 /* Assignment10 library.app */,
			);
			name = Products;
			sourceTree = "<group>";
		};
		6C140A9421A4CE33006ADD22 /* Assignment10 library */ = {
			isa = PBXGroup;
			children = (
				6C6CB08021AA1150004B4633 /* Vehicle+CoreDataClass.swift */,
				6C6CB08121AA1150004B4633 /* Vehicle+CoreDataProperties.swift */,
				6C6CB08221AA1150004B4633 /* Department+CoreDataClass.swift */,
				6C6CB08321AA1150004B4633 /* Department+CoreDataProperties.swift */,
				6C140A9521A4CE33006ADD22 /* AppDelegate.swift */,
				6C140A9721A4CE33006ADD22 /* ViewController.swift */,
				6C140AC721A514A4006ADD22 /* AddVehicleViewController.swift */,
				6C140AC421A514A4006ADD22 /* DetailViewController.swift */,
				6C140AC521A514A4006ADD22 /* TableViewCell.swift */,
				6C140AC621A514A4006ADD22 /* TableViewController.swift */,
				6C140A9921A4CE33006ADD22 /* Main.storyboard */,
				6C140A9F21A4CE35006ADD22 /* Assets.xcassets */,
				6C140AA121A4CE35006ADD22 /* LaunchScreen.storyboard */,
				6C140AA421A4CE35006ADD22 /* Info.plist */,
				6C140A9C21A4CE33006ADD22 /* Assignment10_library.xcdatamodeld */,
			);
			path = "Assignment10 library";
			sourceTree = "<group>";
		};
/* End PBXGroup section */

/* Begin PBXNativeTarget section */
		6C140A9121A4CE33006ADD22 /* Assignment10 library */ = {
			isa = PBXNativeTarget;
			buildConfigurationList = 6C140AA721A4CE35006ADD22 /* Build configuration list for PBXNativeTarget "Assignment10 library" */;
			buildPhases = (
				6C140A8E21A4CE33006ADD22 /* Sources */,
				6C140A8F21A4CE33006ADD22 /* Frameworks */,
				6C140A9021A4CE33006ADD22 /* Resources */,
			);
			buildRules = (
			);
			dependencies = (
			);
			name = "Assignment10 library";
			productName = "Assignment10 library";
			productReference = 6C140A9221A4CE33006ADD22 /* Assignment10 library.app */;
			productType = "com.apple.product-type.application";
		};
/* End PBXNativeTarget section */

/* Begin PBXProject section */
		6C140A8A21A4CE33006ADD22 /* Project object */ = {
			isa = PBXProject;
			attributes = {
				LastSwiftUpdateCheck = 1010;
				LastUpgradeCheck = 1010;
				ORGANIZATIONNAME = "Chung-Yang Li";
				TargetAttributes = {
					6C140A9121A4CE33006ADD22 = {
						CreatedOnToolsVersion = 10.1;
					};
				};
			};
			buildConfigurationList = 6C140A8D21A4CE33006ADD22 /* Build configuration list for PBXProject "Assignment10 library" */;
			compatibilityVersion = "Xcode 9.3";
			developmentRegion = en;
			hasScannedForEncodings = 0;
			knownRegions = (
				en,
				Base,
			);
			mainGroup = 6C140A8921A4CE33006ADD22;
			productRefGroup = 6C140A9321A4CE33006ADD22 /* Products */;
			projectDirPath = "";
			projectRoot = "";
			targets = (
				6C140A9121A4CE33006ADD22 /* Assignment10 library */,
			);
		};
/* End PBXProject section */

/* Begin PBXResourcesBuildPhase section */
		6C140A9021A4CE33006ADD22 /* Resources */ = {
			isa = PBXResourcesBuildPhase;
			buildActionMask = 2147483647;
			files = (
				6C140AA321A4CE35006ADD22 /* LaunchScreen.storyboard in Resources */,
				6C140AA021A4CE35006ADD22 /* Assets.xcassets in Resources */,
				6C140A9B21A4CE33006ADD22 /* Main.storyboard in Resources */,
			);
			runOnlyForDeploymentPostprocessing = 0;
		};
/* End PBXResourcesBuildPhase section */

/* Begin PBXSourcesBuildPhase section */
		6C140A8E21A4CE33006ADD22 /* Sources */ = {
			isa = PBXSourcesBuildPhase;
			buildActionMask = 2147483647;
			files = (
				6C140ACB21A514A4006ADD22 /* AddVehicleViewController.swift in Sources */,
				6C140A9821A4CE33006ADD22 /* ViewController.swift in Sources */,
				6C6CB08521AA1150004B4633 /* Vehicle+CoreDataProperties.swift in Sources */,
				6C6CB08421AA1150004B4633 /* Vehicle+CoreDataClass.swift in Sources */,
				6C140ACA21A514A4006ADD22 /* TableViewController.swift in Sources */,
				6C6CB08621AA1150004B4633 /* Department+CoreDataClass.swift in Sources */,
				6C140AC921A514A4006ADD22 /* TableViewCell.swift in Sources */,
				6C140A9621A4CE33006ADD22 /* AppDelegate.swift in Sources */,
				6C6CB08721AA1150004B4633 /* Department+CoreDataProperties.swift in Sources */,
				6C140A9E21A4CE33006ADD22 /* Assignment10_library.xcdatamodeld in Sources */,
				6C140AC821A514A4006ADD22 /* DetailViewController.swift in Sources */,
			);
			runOnlyForDeploymentPostprocessing = 0;
		};
/* End PBXSourcesBuildPhase section */

/* Begin PBXVariantGroup section */
		6C140A9921A4CE33006ADD22 /* Main.storyboard */ = {
			isa = PBXVariantGroup;
			children = (
				6C140A9A21A4CE33006ADD22 /* Base */,
			);
			name = Main.storyboard;
			sourceTree = "<group>";
		};
		6C140AA121A4CE35006ADD22 /* LaunchScreen.storyboard */ = {
			isa = PBXVariantGroup;
			children = (
				6C140AA221A4CE35006ADD22 /* Base */,
			);
			name = LaunchScreen.storyboard;
			sourceTree = "<group>";
		};
/* End PBXVariantGroup section */

/* Begin XCBuildConfiguration section */
		6C140AA521A4CE35006ADD22 /* Debug */ = {
			isa = XCBuildConfiguration;
			buildSettings = {
				ALWAYS_SEARCH_USER_PATHS = NO;
				CLANG_ANALYZER_NONNULL = YES;
				CLANG_ANALYZER_NUMBER_OBJECT_CONVERSION = YES_AGGRESSIVE;
				CLANG_CXX_LANGUAGE_STANDARD = "gnu++14";
				CLANG_CXX_LIBRARY = "libc++";
				CLANG_ENABLE_MODULES = YES;
				CLANG_ENABLE_OBJC_ARC = YES;
				CLANG_ENABLE_OBJC_WEAK = YES;
				CLANG_WARN_BLOCK_CAPTURE_AUTORELEASING = YES;
				CLANG_WARN_BOOL_CONVERSION = YES;
				CLANG_WARN_COMMA = YES;
				CLANG_WARN_CONSTANT_CONVERSION = YES;
				CLANG_WARN_DEPRECATED_OBJC_IMPLEMENTATIONS = YES;
				CLANG_WARN_DIRECT_OBJC_ISA_USAGE = YES_ERROR;
				CLANG_WARN_DOCUMENTATION_COMMENTS = YES;
				CLANG_WARN_EMPTY_BODY = YES;
				CLANG_WARN_ENUM_CONVERSION = YES;
				CLANG_WARN_INFINITE_RECURSION = YES;
				CLANG_WARN_INT_CONVERSION = YES;
				CLANG_WARN_NON_LITERAL_NULL_CONVERSION = YES;
				CLANG_WARN_OBJC_IMPLICIT_RETAIN_SELF = YES;
				CLANG_WARN_OBJC_LITERAL_CONVERSION = YES;
				CLANG_WARN_OBJC_ROOT_CLASS = YES_ERROR;
				CLANG_WARN_RANGE_LOOP_ANALYSIS = YES;
				CLANG_WARN_STRICT_PROTOTYPES = YES;
				CLANG_WARN_SUSPICIOUS_MOVE = YES;
				CLANG_WARN_UNGUARDED_AVAILABILITY = YES_AGGRESSIVE;
				CLANG_WARN_UNREACHABLE_CODE = YES;
				CLANG_WARN__DUPLICATE_METHOD_MATCH = YES;
				CODE_SIGN_IDENTITY = "iPhone Developer";
				COPY_PHASE_STRIP = NO;
				DEBUG_INFORMATION_FORMAT = dwarf;
				ENABLE_STRICT_OBJC_MSGSEND = YES;
				ENABLE_TESTABILITY = YES;
				GCC_C_LANGUAGE_STANDARD = gnu11;
				GCC_DYNAMIC_NO_PIC = NO;
				GCC_NO_COMMON_BLOCKS = YES;
				GCC_OPTIMIZATION_LEVEL = 0;
				GCC_PREPROCESSOR_DEFINITIONS = (
					"DEBUG=1",
					"$(inherited)",
				);
				GCC_WARN_64_TO_32_BIT_CONVERSION = YES;
				GCC_WARN_ABOUT_RETURN_TYPE = YES_ERROR;
				GCC_WARN_UNDECLARED_SELECTOR = YES;
				GCC_WARN_UNINITIALIZED_AUTOS = YES_AGGRESSIVE;
				GCC_WARN_UNUSED_FUNCTION = YES;
				GCC_WARN_UNUSED_VARIABLE = YES;
				IPHONEOS_DEPLOYMENT_TARGET = 12.1;
				MTL_ENABLE_DEBUG_INFO = INCLUDE_SOURCE;
				MTL_FAST_MATH = YES;
				ONLY_ACTIVE_ARCH = YES;
				SDKROOT = iphoneos;
				SWIFT_ACTIVE_COMPILATION_CONDITIONS = DEBUG;
				SWIFT_OPTIMIZATION_LEVEL = "-Onone";
			};
			name = Debug;
		};
		6C140AA621A4CE35006ADD22 /* Release */ = {
			isa = XCBuildConfiguration;
			buildSettings = {
				ALWAYS_SEARCH_USER_PATHS = NO;
				CLANG_ANALYZER_NONNULL = YES;
				CLANG_ANALYZER_NUMBER_OBJECT_CONVERSION = YES_AGGRESSIVE;
				CLANG_CXX_LANGUAGE_STANDARD = "gnu++14";
				CLANG_CXX_LIBRARY = "libc++";
				CLANG_ENABLE_MODULES = YES;
				CLANG_ENABLE_OBJC_ARC = YES;
				CLANG_ENABLE_OBJC_WEAK = YES;
				CLANG_WARN_BLOCK_CAPTURE_AUTORELEASING = YES;
				CLANG_WARN_BOOL_CONVERSION = YES;
				CLANG_WARN_COMMA = YES;
				CLANG_WARN_CONSTANT_CONVERSION = YES;
				CLANG_WARN_DEPRECATED_OBJC_IMPLEMENTATIONS = YES;
				CLANG_WARN_DIRECT_OBJC_ISA_USAGE = YES_ERROR;
				CLANG_WARN_DOCUMENTATION_COMMENTS = YES;
				CLANG_WARN_EMPTY_BODY = YES;
				CLANG_WARN_ENUM_CONVERSION = YES;
				CLANG_WARN_INFINITE_RECURSION = YES;
				CLANG_WARN_INT_CONVERSION = YES;
				CLANG_WARN_NON_LITERAL_NULL_CONVERSION = YES;
				CLANG_WARN_OBJC_IMPLICIT_RETAIN_SELF = YES;
				CLANG_WARN_OBJC_LITERAL_CONVERSION = YES;
				CLANG_WARN_OBJC_ROOT_CLASS = YES_ERROR;
				CLANG_WARN_RANGE_LOOP_ANALYSIS = YES;
				CLANG_WARN_STRICT_PROTOTYPES = YES;
				CLANG_WARN_SUSPICIOUS_MOVE = YES;
				CLANG_WARN_UNGUARDED_AVAILABILITY = YES_AGGRESSIVE;
				CLANG_WARN_UNREACHABLE_CODE = YES;
				CLANG_WARN__DUPLICATE_METHOD_MATCH = YES;
				CODE_SIGN_IDENTITY = "iPhone Developer";
				COPY_PHASE_STRIP = NO;
				DEBUG_INFORMATION_FORMAT = "dwarf-with-dsym";
				ENABLE_NS_ASSERTIONS = NO;
				ENABLE_STRICT_OBJC_MSGSEND = YES;
				GCC_C_LANGUAGE_STANDARD = gnu11;
				GCC_NO_COMMON_BLOCKS = YES;
				GCC_WARN_64_TO_32_BIT_CONVERSION = YES;
				GCC_WARN_ABOUT_RETURN_TYPE = YES_ERROR;
				GCC_WARN_UNDECLARED_SELECTOR = YES;
				GCC_WARN_UNINITIALIZED_AUTOS = YES_AGGRESSIVE;
				GCC_WARN_UNUSED_FUNCTION = YES;
				GCC_WARN_UNUSED_VARIABLE = YES;
				IPHONEOS_DEPLOYMENT_TARGET = 12.1;
				MTL_ENABLE_DEBUG_INFO = NO;
				MTL_FAST_MATH = YES;
				SDKROOT = iphoneos;
				SWIFT_COMPILATION_MODE = wholemodule;
				SWIFT_OPTIMIZATION_LEVEL = "-O";
				VALIDATE_PRODUCT = YES;
			};
			name = Release;
		};
		6C140AA821A4CE35006ADD22 /* Debug */ = {
			isa = XCBuildConfiguration;
			buildSettings = {
				ASSETCATALOG_COMPILER_APPICON_NAME = AppIcon;
				CODE_SIGN_STYLE = Automatic;
				INFOPLIST_FILE = "Assignment10 library/Info.plist";
				LD_RUNPATH_SEARCH_PATHS = (
					"$(inherited)",
					"@executable_path/Frameworks",
				);
				PRODUCT_BUNDLE_IDENTIFIER = "lipang.Assignment10-library";
				PRODUCT_NAME = "$(TARGET_NAME)";
				SWIFT_VERSION = 4.2;
				TARGETED_DEVICE_FAMILY = "1,2";
			};
			name = Debug;
		};
		6C140AA921A4CE35006ADD22 /* Release */ = {
			isa = XCBuildConfiguration;
			buildSettings = {
				ASSETCATALOG_COMPILER_APPICON_NAME = AppIcon;
				CODE_SIGN_STYLE = Automatic;
				INFOPLIST_FILE = "Assignment10 library/Info.plist";
				LD_RUNPATH_SEARCH_PATHS = (
					"$(inherited)",
					"@executable_path/Frameworks",
				);
				PRODUCT_BUNDLE_IDENTIFIER = "lipang.Assignment10-library";
				PRODUCT_NAME = "$(TARGET_NAME)";
				SWIFT_VERSION = 4.2;
				TARGETED_DEVICE_FAMILY = "1,2";
			};
			name = Release;
		};
/* End XCBuildConfiguration section */

/* Begin XCConfigurationList section */
		6C140A8D21A4CE33006ADD22 /* Build configuration list for PBXProject "Assignment10 library" */ = {
			isa = XCConfigurationList;
			buildConfigurations = (
				6C140AA521A4CE35006ADD22 /* Debug */,
				6C140AA621A4CE35006ADD22 /* Release */,
			);
			defaultConfigurationIsVisible = 0;
			defaultConfigurationName = Release;
		};
		6C140AA721A4CE35006ADD22 /* Build configuration list for PBXNativeTarget "Assignment10 library" */ = {
			isa = XCConfigurationList;
			buildConfigurations = (
				6C140AA821A4CE35006ADD22 /* Debug */,
				6C140AA921A4CE35006ADD22 /* Release */,
			);
			defaultConfigurationIsVisible = 0;
			defaultConfigurationName = Release;
		};
/* End XCConfigurationList section */

/* Begin XCVersionGroup section */
		6C140A9C21A4CE33006ADD22 /* Assignment10_library.xcdatamodeld */ = {
			isa = XCVersionGroup;
			children = (
				6C140AD421A54F96006ADD22 /* Assignment10_library 2.xcdatamodel */,
				6C140A9D21A4CE33006ADD22 /* Assignment10_library.xcdatamodel */,
			);
			currentVersion = 6C140A9D21A4CE33006ADD22 /* Assignment10_library.xcdatamodel */;
			path = Assignment10_library.xcdatamodeld;
			sourceTree = "<group>";
			versionGroupType = wrapper.xcdatamodel;
		};
/* End XCVersionGroup section */
	};
	rootObject = 6C140A8A21A4CE33006ADD22 /* Project object */;
}
